
Microsoft Visual Studio Solution File, Format Version 12.00
# Visual Studio Version 16
VisualStudioVersion = 16.0.29905.134
MinimumVisualStudioVersion = 10.0.40219.1
Project("{FAE04EC0-301F-11D3-BF4B-00C04F79EFBC}") = "TwistConsole", "TwistConsole\TwistConsole.csproj", "{412A7D10-9513-431A-AD2C-818BA5D58276}"
EndProject
Global
	GlobalSection(SolutionConfigurationPlatforms) = preSolution
		Debug|Any CPU = Debug|Any CPU
		Release|Any CPU = Release|Any CPU
	EndGlobalSection
	GlobalSection(ProjectConfigurationPlatforms) = postSolution
		{412A7D10-9513-431A-AD2C-818BA5D58276}.Debug|Any CPU.ActiveCfg = Debug|Any CPU
		{412A7D10-9513-431A-AD2C-818BA5D58276}.Debug|Any CPU.Build.0 = Debug|Any CPU
		{412A7D10-9513-431A-AD2C-818BA5D58276}.Release|Any CPU.ActiveCfg = Release|Any CPU
		{412A7D10-9513-431A-AD2C-818BA5D58276}.Release|Any CPU.Build.0 = Release|Any CPU
	EndGlobalSection
	GlobalSection(SolutionProperties) = preSolution
		HideSolutionNode = FALSE
	EndGlobalSection
	GlobalSection(ExtensibilityGlobals) = postSolution
		SolutionGuid = {37FF9E11-A6BD-4DA5-900A-732D4B457B93}
	EndGlobalSection
EndGlobal
